
Microsoft Visual Studio Solution File, Format Version 12.00
# Visual Studio Version 17
VisualStudioVersion = 17.14.36310.24
MinimumVisualStudioVersion = 10.0.40219.1
Project("{FAE04EC0-301F-11D3-BF4B-00C04F79EFBC}") = "string-Redis", "LearnRedis\string-Redis.csproj", "{5BFDE3CD-E412-4DED-9A2C-DED35C4389AD}"
EndProject
Project("{FAE04EC0-301F-11D3-BF4B-00C04F79EFBC}") = "JSONRedis", "JSONRedis\JSONRedis.csproj", "{D75CADE3-433A-4ADE-B92F-6E76F108C225}"
EndProject
Project("{FAE04EC0-301F-11D3-BF4B-00C04F79EFBC}") = "List-Redis", "List-Redis\List-Redis.csproj", "{9E7617DB-80DB-4E22-BE17-BFE9F39AB24D}"
EndProject
Project("{FAE04EC0-301F-11D3-BF4B-00C04F79EFBC}") = "Hashes-Redis", "Hashes-Redis\Hashes-Redis.csproj", "{15DE40A5-6156-4D7B-BFDF-24CA82B50B0A}"
EndProject
Project("{FAE04EC0-301F-11D3-BF4B-00C04F79EFBC}") = "SortedSet-redis", "SortedSet-redis\SortedSet-redis.csproj", "{B8A145A1-F1EF-4040-8178-9A326AFE8B55}"
EndProject
Project("{FAE04EC0-301F-11D3-BF4B-00C04F79EFBC}") = "GeoSpatial-redis", "GeoSpatial-redis\GeoSpatial-redis.csproj", "{75B0E435-049F-4C01-9D20-41814483047C}"
EndProject
Project("{FAE04EC0-301F-11D3-BF4B-00C04F79EFBC}") = "BitMap-redis", "BitMap-redis\BitMap-redis.csproj", "{D0A9CAA6-1E37-446E-B649-A0FE3D454077}"
EndProject
Project("{FAE04EC0-301F-11D3-BF4B-00C04F79EFBC}") = "HyperLogLog-redis", "HyperLogLog-redis\HyperLogLog-redis.csproj", "{19922C6E-5D63-4E06-AB75-00D06309A49C}"
EndProject
Project("{FAE04EC0-301F-11D3-BF4B-00C04F79EFBC}") = "RedisPubSub.Publish", "RedisPubSub.Publish\RedisPubSub.Publish.csproj", "{EFC4DEFB-06E0-49B8-820E-FCC091C435CA}"
EndProject
Project("{FAE04EC0-301F-11D3-BF4B-00C04F79EFBC}") = "RedisPubSub.Subscribe", "RedisPubSub.Subscribe\RedisPubSub.Subscribe.csproj", "{C5E8CE24-4188-4B80-AA53-A094E3BAA0E5}"
EndProject
Project("{FAE04EC0-301F-11D3-BF4B-00C04F79EFBC}") = "In-Memory-cache", "In-Memory-cache\In-Memory-cache.csproj", "{DFC2EA05-AB2B-486D-8850-4EF755AFA8D5}"
EndProject
Project("{FAE04EC0-301F-11D3-BF4B-00C04F79EFBC}") = "Redis-DistributedSystemCache", "Redis-DistributedSystemCache\Redis-DistributedSystemCache.csproj", "{472AE129-366C-46C5-88D8-3E8ADC0A2F63}"
EndProject
Global
	GlobalSection(SolutionConfigurationPlatforms) = preSolution
		Debug|Any CPU = Debug|Any CPU
		Release|Any CPU = Release|Any CPU
	EndGlobalSection
	GlobalSection(ProjectConfigurationPlatforms) = postSolution
		{5BFDE3CD-E412-4DED-9A2C-DED35C4389AD}.Debug|Any CPU.ActiveCfg = Debug|Any CPU
		{5BFDE3CD-E412-4DED-9A2C-DED35C4389AD}.Debug|Any CPU.Build.0 = Debug|Any CPU
		{5BFDE3CD-E412-4DED-9A2C-DED35C4389AD}.Release|Any CPU.ActiveCfg = Release|Any CPU
		{5BFDE3CD-E412-4DED-9A2C-DED35C4389AD}.Release|Any CPU.Build.0 = Release|Any CPU
		{D75CADE3-433A-4ADE-B92F-6E76F108C225}.Debug|Any CPU.ActiveCfg = Debug|Any CPU
		{D75CADE3-433A-4ADE-B92F-6E76F108C225}.Debug|Any CPU.Build.0 = Debug|Any CPU
		{D75CADE3-433A-4ADE-B92F-6E76F108C225}.Release|Any CPU.ActiveCfg = Release|Any CPU
		{D75CADE3-433A-4ADE-B92F-6E76F108C225}.Release|Any CPU.Build.0 = Release|Any CPU
		{9E7617DB-80DB-4E22-BE17-BFE9F39AB24D}.Debug|Any CPU.ActiveCfg = Debug|Any CPU
		{9E7617DB-80DB-4E22-BE17-BFE9F39AB24D}.Debug|Any CPU.Build.0 = Debug|Any CPU
		{9E7617DB-80DB-4E22-BE17-BFE9F39AB24D}.Release|Any CPU.ActiveCfg = Release|Any CPU
		{9E7617DB-80DB-4E22-BE17-BFE9F39AB24D}.Release|Any CPU.Build.0 = Release|Any CPU
		{15DE40A5-6156-4D7B-BFDF-24CA82B50B0A}.Debug|Any CPU.ActiveCfg = Debug|Any CPU
		{15DE40A5-6156-4D7B-BFDF-24CA82B50B0A}.Debug|Any CPU.Build.0 = Debug|Any CPU
		{15DE40A5-6156-4D7B-BFDF-24CA82B50B0A}.Release|Any CPU.ActiveCfg = Release|Any CPU
		{15DE40A5-6156-4D7B-BFDF-24CA82B50B0A}.Release|Any CPU.Build.0 = Release|Any CPU
		{B8A145A1-F1EF-4040-8178-9A326AFE8B55}.Debug|Any CPU.ActiveCfg = Debug|Any CPU
		{B8A145A1-F1EF-4040-8178-9A326AFE8B55}.Debug|Any CPU.Build.0 = Debug|Any CPU
		{B8A145A1-F1EF-4040-8178-9A326AFE8B55}.Release|Any CPU.ActiveCfg = Release|Any CPU
		{B8A145A1-F1EF-4040-8178-9A326AFE8B55}.Release|Any CPU.Build.0 = Release|Any CPU
		{75B0E435-049F-4C01-9D20-41814483047C}.Debug|Any CPU.ActiveCfg = Debug|Any CPU
		{75B0E435-049F-4C01-9D20-41814483047C}.Debug|Any CPU.Build.0 = Debug|Any CPU
		{75B0E435-049F-4C01-9D20-41814483047C}.Release|Any CPU.ActiveCfg = Release|Any CPU
		{75B0E435-049F-4C01-9D20-41814483047C}.Release|Any CPU.Build.0 = Release|Any CPU
		{D0A9CAA6-1E37-446E-B649-A0FE3D454077}.Debug|Any CPU.ActiveCfg = Debug|Any CPU
		{D0A9CAA6-1E37-446E-B649-A0FE3D454077}.Debug|Any CPU.Build.0 = Debug|Any CPU
		{D0A9CAA6-1E37-446E-B649-A0FE3D454077}.Release|Any CPU.ActiveCfg = Release|Any CPU
		{D0A9CAA6-1E37-446E-B649-A0FE3D454077}.Release|Any CPU.Build.0 = Release|Any CPU
		{19922C6E-5D63-4E06-AB75-00D06309A49C}.Debug|Any CPU.ActiveCfg = Debug|Any CPU
		{19922C6E-5D63-4E06-AB75-00D06309A49C}.Debug|Any CPU.Build.0 = Debug|Any CPU
		{19922C6E-5D63-4E06-AB75-00D06309A49C}.Release|Any CPU.ActiveCfg = Release|Any CPU
		{19922C6E-5D63-4E06-AB75-00D06309A49C}.Release|Any CPU.Build.0 = Release|Any CPU
		{EFC4DEFB-06E0-49B8-820E-FCC091C435CA}.Debug|Any CPU.ActiveCfg = Debug|Any CPU
		{EFC4DEFB-06E0-49B8-820E-FCC091C435CA}.Debug|Any CPU.Build.0 = Debug|Any CPU
		{EFC4DEFB-06E0-49B8-820E-FCC091C435CA}.Release|Any CPU.ActiveCfg = Release|Any CPU
		{EFC4DEFB-06E0-49B8-820E-FCC091C435CA}.Release|Any CPU.Build.0 = Release|Any CPU
		{C5E8CE24-4188-4B80-AA53-A094E3BAA0E5}.Debug|Any CPU.ActiveCfg = Debug|Any CPU
		{C5E8CE24-4188-4B80-AA53-A094E3BAA0E5}.Debug|Any CPU.Build.0 = Debug|Any CPU
		{C5E8CE24-4188-4B80-AA53-A094E3BAA0E5}.Release|Any CPU.ActiveCfg = Release|Any CPU
		{C5E8CE24-4188-4B80-AA53-A094E3BAA0E5}.Release|Any CPU.Build.0 = Release|Any CPU
		{DFC2EA05-AB2B-486D-8850-4EF755AFA8D5}.Debug|Any CPU.ActiveCfg = Debug|Any CPU
		{DFC2EA05-AB2B-486D-8850-4EF755AFA8D5}.Debug|Any CPU.Build.0 = Debug|Any CPU
		{DFC2EA05-AB2B-486D-8850-4EF755AFA8D5}.Release|Any CPU.ActiveCfg = Release|Any CPU
		{DFC2EA05-AB2B-486D-8850-4EF755AFA8D5}.Release|Any CPU.Build.0 = Release|Any CPU
		{472AE129-366C-46C5-88D8-3E8ADC0A2F63}.Debug|Any CPU.ActiveCfg = Debug|Any CPU
		{472AE129-366C-46C5-88D8-3E8ADC0A2F63}.Debug|Any CPU.Build.0 = Debug|Any CPU
		{472AE129-366C-46C5-88D8-3E8ADC0A2F63}.Release|Any CPU.ActiveCfg = Release|Any CPU
		{472AE129-366C-46C5-88D8-3E8ADC0A2F63}.Release|Any CPU.Build.0 = Release|Any CPU
	EndGlobalSection
	GlobalSection(SolutionProperties) = preSolution
		HideSolutionNode = FALSE
	EndGlobalSection
	GlobalSection(ExtensibilityGlobals) = postSolution
		SolutionGuid = {5DEA15C0-3404-4BEB-8A45-CD4835E988A1}
	EndGlobalSection
EndGlobal
