
Microsoft Visual Studio Solution File, Format Version 12.00
# Visual Studio Version 17
VisualStudioVersion = 17.14.36310.24
MinimumVisualStudioVersion = 10.0.40219.1
Project("{FAE04EC0-301F-11D3-BF4B-00C04F79EFBC}") = "LearnRedis", "LearnRedis\LearnRedis.csproj", "{5BFDE3CD-E412-4DED-9A2C-DED35C4389AD}"
EndProject
Project("{FAE04EC0-301F-11D3-BF4B-00C04F79EFBC}") = "JSONRedis", "JSONRedis\JSONRedis.csproj", "{D75CADE3-433A-4ADE-B92F-6E76F108C225}"
EndProject
Project("{FAE04EC0-301F-11D3-BF4B-00C04F79EFBC}") = "List-Redis", "List-Redis\List-Redis.csproj", "{9E7617DB-80DB-4E22-BE17-BFE9F39AB24D}"
EndProject
Global
	GlobalSection(SolutionConfigurationPlatforms) = preSolution
		Debug|Any CPU = Debug|Any CPU
		Release|Any CPU = Release|Any CPU
	EndGlobalSection
	GlobalSection(ProjectConfigurationPlatforms) = postSolution
		{5BFDE3CD-E412-4DED-9A2C-DED35C4389AD}.Debug|Any CPU.ActiveCfg = Debug|Any CPU
		{5BFDE3CD-E412-4DED-9A2C-DED35C4389AD}.Debug|Any CPU.Build.0 = Debug|Any CPU
		{5BFDE3CD-E412-4DED-9A2C-DED35C4389AD}.Release|Any CPU.ActiveCfg = Release|Any CPU
		{5BFDE3CD-E412-4DED-9A2C-DED35C4389AD}.Release|Any CPU.Build.0 = Release|Any CPU
		{D75CADE3-433A-4ADE-B92F-6E76F108C225}.Debug|Any CPU.ActiveCfg = Debug|Any CPU
		{D75CADE3-433A-4ADE-B92F-6E76F108C225}.Debug|Any CPU.Build.0 = Debug|Any CPU
		{D75CADE3-433A-4ADE-B92F-6E76F108C225}.Release|Any CPU.ActiveCfg = Release|Any CPU
		{D75CADE3-433A-4ADE-B92F-6E76F108C225}.Release|Any CPU.Build.0 = Release|Any CPU
		{9E7617DB-80DB-4E22-BE17-BFE9F39AB24D}.Debug|Any CPU.ActiveCfg = Debug|Any CPU
		{9E7617DB-80DB-4E22-BE17-BFE9F39AB24D}.Debug|Any CPU.Build.0 = Debug|Any CPU
		{9E7617DB-80DB-4E22-BE17-BFE9F39AB24D}.Release|Any CPU.ActiveCfg = Release|Any CPU
		{9E7617DB-80DB-4E22-BE17-BFE9F39AB24D}.Release|Any CPU.Build.0 = Release|Any CPU
	EndGlobalSection
	GlobalSection(SolutionProperties) = preSolution
		HideSolutionNode = FALSE
	EndGlobalSection
	GlobalSection(ExtensibilityGlobals) = postSolution
		SolutionGuid = {5DEA15C0-3404-4BEB-8A45-CD4835E988A1}
	EndGlobalSection
EndGlobal
